
Microsoft Visual Studio Solution File, Format Version 12.00
# Visual Studio Version 17
VisualStudioVersion = 17.8.34316.72
MinimumVisualStudioVersion = 10.0.40219.1
Project("{FAE04EC0-301F-11D3-BF4B-00C04F79EFBC}") = "BookStore", "BookStore.csproj", "{ED4A2FC7-DD13-4F14-94FC-30F37C5F92C5}"
EndProject
Global
	GlobalSection(SolutionConfigurationPlatforms) = preSolution
		Debug|Any CPU = Debug|Any CPU
		Release|Any CPU = Release|Any CPU
	EndGlobalSection
	GlobalSection(ProjectConfigurationPlatforms) = postSolution
		{ED4A2FC7-DD13-4F14-94FC-30F37C5F92C5}.Debug|Any CPU.ActiveCfg = Debug|Any CPU
		{ED4A2FC7-DD13-4F14-94FC-30F37C5F92C5}.Debug|Any CPU.Build.0 = Debug|Any CPU
		{ED4A2FC7-DD13-4F14-94FC-30F37C5F92C5}.Release|Any CPU.ActiveCfg = Release|Any CPU
		{ED4A2FC7-DD13-4F14-94FC-30F37C5F92C5}.Release|Any CPU.Build.0 = Release|Any CPU
	EndGlobalSection
	GlobalSection(SolutionProperties) = preSolution
		HideSolutionNode = FALSE
	EndGlobalSection
	GlobalSection(ExtensibilityGlobals) = postSolution
		SolutionGuid = {E9E188A5-AF20-4640-AA28-C3F9AB6C61F9}
	EndGlobalSection
EndGlobal
